
Microsoft Visual Studio Solution File, Format Version 12.00
# Visual Studio Version 16
VisualStudioVersion = 16.0.35229.62
MinimumVisualStudioVersion = 10.0.40219.1
Project("{FAE04EC0-301F-11D3-BF4B-00C04F79EFBC}") = "Portfolio", "Portfolio.csproj", "{FD16B070-A1F2-486C-AB6A-343B551AAE54}"
EndProject
Global
	GlobalSection(SolutionConfigurationPlatforms) = preSolution
		Debug|Any CPU = Debug|Any CPU
		Release|Any CPU = Release|Any CPU
	EndGlobalSection
	GlobalSection(ProjectConfigurationPlatforms) = postSolution
		{FD16B070-A1F2-486C-AB6A-343B551AAE54}.Debug|Any CPU.ActiveCfg = Debug|Any CPU
		{FD16B070-A1F2-486C-AB6A-343B551AAE54}.Debug|Any CPU.Build.0 = Debug|Any CPU
		{FD16B070-A1F2-486C-AB6A-343B551AAE54}.Release|Any CPU.ActiveCfg = Release|Any CPU
		{FD16B070-A1F2-486C-AB6A-343B551AAE54}.Release|Any CPU.Build.0 = Release|Any CPU
	EndGlobalSection
	GlobalSection(SolutionProperties) = preSolution
		HideSolutionNode = FALSE
	EndGlobalSection
	GlobalSection(ExtensibilityGlobals) = postSolution
		SolutionGuid = {EC66E115-7358-470A-A3DF-2DB8FE57E5A4}
	EndGlobalSection
EndGlobal
